
Microsoft Visual Studio Solution File, Format Version 12.00
# Visual Studio Version 17
VisualStudioVersion = 17.0.31903.59
MinimumVisualStudioVersion = 10.0.40219.1
Project("{2150E333-8FDC-42A3-9474-1A3956D46DE8}") = "src", "src", "{827E0CD3-B72D-47B6-A68D-7590B98EB39B}"
EndProject
Project("{FAE04EC0-301F-11D3-BF4B-00C04F79EFBC}") = "Drop.Protocol", "src\Drop.Protocol\Drop.Protocol.csproj", "{F08FA4D5-D26F-4BCE-867F-3A493852B857}"
EndProject
Project("{2150E333-8FDC-42A3-9474-1A3956D46DE8}") = "tests", "tests", "{0AB3BF05-4346-4AA6-1389-037BE0695223}"
EndProject
Project("{FAE04EC0-301F-11D3-BF4B-00C04F79EFBC}") = "Drop.Protocol.Tests", "tests\Drop.Protocol.Tests\Drop.Protocol.Tests.csproj", "{C3E625A4-3097-4571-9648-ACB501B70899}"
EndProject
Project("{FAE04EC0-301F-11D3-BF4B-00C04F79EFBC}") = "Drop.Discovery", "src\Drop.Discovery\Drop.Discovery.csproj", "{827798A6-1BB8-442C-BD14-1C13B2B2C857}"
EndProject
Project("{FAE04EC0-301F-11D3-BF4B-00C04F79EFBC}") = "Drop.Discovery.Tests", "tests\Drop.Discovery.Tests\Drop.Discovery.Tests.csproj", "{05EF2360-F0C2-4743-813B-81377FF56BBB}"
EndProject
Project("{FAE04EC0-301F-11D3-BF4B-00C04F79EFBC}") = "Drop.Windows.App", "src\Drop.Windows.App\Drop.Windows.App.csproj", "{B8EDF288-AA8D-4267-B3E6-B9C7E1B62DD2}"
EndProject
Project("{FAE04EC0-301F-11D3-BF4B-00C04F79EFBC}") = "Drop.Windows.App.Tests", "tests\Drop.Windows.App.Tests\Drop.Windows.App.Tests.csproj", "{FF7684BE-A4F8-4D19-A604-5E9E713345BD}"
EndProject
Project("{FAE04EC0-301F-11D3-BF4B-00C04F79EFBC}") = "Drop.Security", "src\Drop.Security\Drop.Security.csproj", "{80C76546-21EC-4A10-A834-64D9688C8F28}"
EndProject
Project("{FAE04EC0-301F-11D3-BF4B-00C04F79EFBC}") = "Drop.Routing", "src\Drop.Routing\Drop.Routing.csproj", "{ABCD4B81-258A-4539-82EF-E8A9845399E8}"
EndProject
Project("{FAE04EC0-301F-11D3-BF4B-00C04F79EFBC}") = "Drop.Transport", "src\Drop.Transport\Drop.Transport.csproj", "{68E86674-D207-4608-8939-A3C5434400F9}"
EndProject
Project("{FAE04EC0-301F-11D3-BF4B-00C04F79EFBC}") = "Drop.Security.Tests", "tests\Drop.Security.Tests\Drop.Security.Tests.csproj", "{7A4632DD-E812-4FD3-8D4F-7C835F8EC9E0}"
EndProject
Project("{FAE04EC0-301F-11D3-BF4B-00C04F79EFBC}") = "Drop.Routing.Tests", "tests\Drop.Routing.Tests\Drop.Routing.Tests.csproj", "{0E706CDD-399B-47FF-BA33-768599C76EB9}"
EndProject
Project("{FAE04EC0-301F-11D3-BF4B-00C04F79EFBC}") = "Drop.Transport.Tests", "tests\Drop.Transport.Tests\Drop.Transport.Tests.csproj", "{DEE305E6-22BC-4CC9-B0D6-4F48FCFD4AFB}"
EndProject
Global
	GlobalSection(SolutionConfigurationPlatforms) = preSolution
		Debug|Any CPU = Debug|Any CPU
		Debug|x64 = Debug|x64
		Debug|x86 = Debug|x86
		Release|Any CPU = Release|Any CPU
		Release|x64 = Release|x64
		Release|x86 = Release|x86
	EndGlobalSection
	GlobalSection(ProjectConfigurationPlatforms) = postSolution
		{F08FA4D5-D26F-4BCE-867F-3A493852B857}.Debug|Any CPU.ActiveCfg = Debug|Any CPU
		{F08FA4D5-D26F-4BCE-867F-3A493852B857}.Debug|Any CPU.Build.0 = Debug|Any CPU
		{F08FA4D5-D26F-4BCE-867F-3A493852B857}.Debug|x64.ActiveCfg = Debug|Any CPU
		{F08FA4D5-D26F-4BCE-867F-3A493852B857}.Debug|x64.Build.0 = Debug|Any CPU
		{F08FA4D5-D26F-4BCE-867F-3A493852B857}.Debug|x86.ActiveCfg = Debug|Any CPU
		{F08FA4D5-D26F-4BCE-867F-3A493852B857}.Debug|x86.Build.0 = Debug|Any CPU
		{F08FA4D5-D26F-4BCE-867F-3A493852B857}.Release|Any CPU.ActiveCfg = Release|Any CPU
		{F08FA4D5-D26F-4BCE-867F-3A493852B857}.Release|Any CPU.Build.0 = Release|Any CPU
		{F08FA4D5-D26F-4BCE-867F-3A493852B857}.Release|x64.ActiveCfg = Release|Any CPU
		{F08FA4D5-D26F-4BCE-867F-3A493852B857}.Release|x64.Build.0 = Release|Any CPU
		{F08FA4D5-D26F-4BCE-867F-3A493852B857}.Release|x86.ActiveCfg = Release|Any CPU
		{F08FA4D5-D26F-4BCE-867F-3A493852B857}.Release|x86.Build.0 = Release|Any CPU
		{C3E625A4-3097-4571-9648-ACB501B70899}.Debug|Any CPU.ActiveCfg = Debug|Any CPU
		{C3E625A4-3097-4571-9648-ACB501B70899}.Debug|Any CPU.Build.0 = Debug|Any CPU
		{C3E625A4-3097-4571-9648-ACB501B70899}.Debug|x64.ActiveCfg = Debug|Any CPU
		{C3E625A4-3097-4571-9648-ACB501B70899}.Debug|x64.Build.0 = Debug|Any CPU
		{C3E625A4-3097-4571-9648-ACB501B70899}.Debug|x86.ActiveCfg = Debug|Any CPU
		{C3E625A4-3097-4571-9648-ACB501B70899}.Debug|x86.Build.0 = Debug|Any CPU
		{C3E625A4-3097-4571-9648-ACB501B70899}.Release|Any CPU.ActiveCfg = Release|Any CPU
		{C3E625A4-3097-4571-9648-ACB501B70899}.Release|Any CPU.Build.0 = Release|Any CPU
		{C3E625A4-3097-4571-9648-ACB501B70899}.Release|x64.ActiveCfg = Release|Any CPU
		{C3E625A4-3097-4571-9648-ACB501B70899}.Release|x64.Build.0 = Release|Any CPU
		{C3E625A4-3097-4571-9648-ACB501B70899}.Release|x86.ActiveCfg = Release|Any CPU
		{C3E625A4-3097-4571-9648-ACB501B70899}.Release|x86.Build.0 = Release|Any CPU
		{827798A6-1BB8-442C-BD14-1C13B2B2C857}.Debug|Any CPU.ActiveCfg = Debug|Any CPU
		{827798A6-1BB8-442C-BD14-1C13B2B2C857}.Debug|Any CPU.Build.0 = Debug|Any CPU
		{827798A6-1BB8-442C-BD14-1C13B2B2C857}.Debug|x64.ActiveCfg = Debug|Any CPU
		{827798A6-1BB8-442C-BD14-1C13B2B2C857}.Debug|x64.Build.0 = Debug|Any CPU
		{827798A6-1BB8-442C-BD14-1C13B2B2C857}.Debug|x86.ActiveCfg = Debug|Any CPU
		{827798A6-1BB8-442C-BD14-1C13B2B2C857}.Debug|x86.Build.0 = Debug|Any CPU
		{827798A6-1BB8-442C-BD14-1C13B2B2C857}.Release|Any CPU.ActiveCfg = Release|Any CPU
		{827798A6-1BB8-442C-BD14-1C13B2B2C857}.Release|Any CPU.Build.0 = Release|Any CPU
		{827798A6-1BB8-442C-BD14-1C13B2B2C857}.Release|x64.ActiveCfg = Release|Any CPU
		{827798A6-1BB8-442C-BD14-1C13B2B2C857}.Release|x64.Build.0 = Release|Any CPU
		{827798A6-1BB8-442C-BD14-1C13B2B2C857}.Release|x86.ActiveCfg = Release|Any CPU
		{827798A6-1BB8-442C-BD14-1C13B2B2C857}.Release|x86.Build.0 = Release|Any CPU
		{05EF2360-F0C2-4743-813B-81377FF56BBB}.Debug|Any CPU.ActiveCfg = Debug|Any CPU
		{05EF2360-F0C2-4743-813B-81377FF56BBB}.Debug|Any CPU.Build.0 = Debug|Any CPU
		{05EF2360-F0C2-4743-813B-81377FF56BBB}.Debug|x64.ActiveCfg = Debug|Any CPU
		{05EF2360-F0C2-4743-813B-81377FF56BBB}.Debug|x64.Build.0 = Debug|Any CPU
		{05EF2360-F0C2-4743-813B-81377FF56BBB}.Debug|x86.ActiveCfg = Debug|Any CPU
		{05EF2360-F0C2-4743-813B-81377FF56BBB}.Debug|x86.Build.0 = Debug|Any CPU
		{05EF2360-F0C2-4743-813B-81377FF56BBB}.Release|Any CPU.ActiveCfg = Release|Any CPU
		{05EF2360-F0C2-4743-813B-81377FF56BBB}.Release|Any CPU.Build.0 = Release|Any CPU
		{05EF2360-F0C2-4743-813B-81377FF56BBB}.Release|x64.ActiveCfg = Release|Any CPU
		{05EF2360-F0C2-4743-813B-81377FF56BBB}.Release|x64.Build.0 = Release|Any CPU
		{05EF2360-F0C2-4743-813B-81377FF56BBB}.Release|x86.ActiveCfg = Release|Any CPU
		{05EF2360-F0C2-4743-813B-81377FF56BBB}.Release|x86.Build.0 = Release|Any CPU
		{B8EDF288-AA8D-4267-B3E6-B9C7E1B62DD2}.Debug|Any CPU.ActiveCfg = Debug|Any CPU
		{B8EDF288-AA8D-4267-B3E6-B9C7E1B62DD2}.Debug|Any CPU.Build.0 = Debug|Any CPU
		{B8EDF288-AA8D-4267-B3E6-B9C7E1B62DD2}.Debug|x64.ActiveCfg = Debug|Any CPU
		{B8EDF288-AA8D-4267-B3E6-B9C7E1B62DD2}.Debug|x64.Build.0 = Debug|Any CPU
		{B8EDF288-AA8D-4267-B3E6-B9C7E1B62DD2}.Debug|x86.ActiveCfg = Debug|Any CPU
		{B8EDF288-AA8D-4267-B3E6-B9C7E1B62DD2}.Debug|x86.Build.0 = Debug|Any CPU
		{B8EDF288-AA8D-4267-B3E6-B9C7E1B62DD2}.Release|Any CPU.ActiveCfg = Release|Any CPU
		{B8EDF288-AA8D-4267-B3E6-B9C7E1B62DD2}.Release|Any CPU.Build.0 = Release|Any CPU
		{B8EDF288-AA8D-4267-B3E6-B9C7E1B62DD2}.Release|x64.ActiveCfg = Release|Any CPU
		{B8EDF288-AA8D-4267-B3E6-B9C7E1B62DD2}.Release|x64.Build.0 = Release|Any CPU
		{B8EDF288-AA8D-4267-B3E6-B9C7E1B62DD2}.Release|x86.ActiveCfg = Release|Any CPU
		{B8EDF288-AA8D-4267-B3E6-B9C7E1B62DD2}.Release|x86.Build.0 = Release|Any CPU
		{FF7684BE-A4F8-4D19-A604-5E9E713345BD}.Debug|Any CPU.ActiveCfg = Debug|Any CPU
		{FF7684BE-A4F8-4D19-A604-5E9E713345BD}.Debug|Any CPU.Build.0 = Debug|Any CPU
		{FF7684BE-A4F8-4D19-A604-5E9E713345BD}.Debug|x64.ActiveCfg = Debug|Any CPU
		{FF7684BE-A4F8-4D19-A604-5E9E713345BD}.Debug|x64.Build.0 = Debug|Any CPU
		{FF7684BE-A4F8-4D19-A604-5E9E713345BD}.Debug|x86.ActiveCfg = Debug|Any CPU
		{FF7684BE-A4F8-4D19-A604-5E9E713345BD}.Debug|x86.Build.0 = Debug|Any CPU
		{FF7684BE-A4F8-4D19-A604-5E9E713345BD}.Release|Any CPU.ActiveCfg = Release|Any CPU
		{FF7684BE-A4F8-4D19-A604-5E9E713345BD}.Release|Any CPU.Build.0 = Release|Any CPU
		{FF7684BE-A4F8-4D19-A604-5E9E713345BD}.Release|x64.ActiveCfg = Release|Any CPU
		{FF7684BE-A4F8-4D19-A604-5E9E713345BD}.Release|x64.Build.0 = Release|Any CPU
		{FF7684BE-A4F8-4D19-A604-5E9E713345BD}.Release|x86.ActiveCfg = Release|Any CPU
		{FF7684BE-A4F8-4D19-A604-5E9E713345BD}.Release|x86.Build.0 = Release|Any CPU
		{80C76546-21EC-4A10-A834-64D9688C8F28}.Debug|Any CPU.ActiveCfg = Debug|Any CPU
		{80C76546-21EC-4A10-A834-64D9688C8F28}.Debug|Any CPU.Build.0 = Debug|Any CPU
		{80C76546-21EC-4A10-A834-64D9688C8F28}.Debug|x64.ActiveCfg = Debug|Any CPU
		{80C76546-21EC-4A10-A834-64D9688C8F28}.Debug|x64.Build.0 = Debug|Any CPU
		{80C76546-21EC-4A10-A834-64D9688C8F28}.Debug|x86.ActiveCfg = Debug|Any CPU
		{80C76546-21EC-4A10-A834-64D9688C8F28}.Debug|x86.Build.0 = Debug|Any CPU
		{80C76546-21EC-4A10-A834-64D9688C8F28}.Release|Any CPU.ActiveCfg = Release|Any CPU
		{80C76546-21EC-4A10-A834-64D9688C8F28}.Release|Any CPU.Build.0 = Release|Any CPU
		{80C76546-21EC-4A10-A834-64D9688C8F28}.Release|x64.ActiveCfg = Release|Any CPU
		{80C76546-21EC-4A10-A834-64D9688C8F28}.Release|x64.Build.0 = Release|Any CPU
		{80C76546-21EC-4A10-A834-64D9688C8F28}.Release|x86.ActiveCfg = Release|Any CPU
		{80C76546-21EC-4A10-A834-64D9688C8F28}.Release|x86.Build.0 = Release|Any CPU
		{ABCD4B81-258A-4539-82EF-E8A9845399E8}.Debug|Any CPU.ActiveCfg = Debug|Any CPU
		{ABCD4B81-258A-4539-82EF-E8A9845399E8}.Debug|Any CPU.Build.0 = Debug|Any CPU
		{ABCD4B81-258A-4539-82EF-E8A9845399E8}.Debug|x64.ActiveCfg = Debug|Any CPU
		{ABCD4B81-258A-4539-82EF-E8A9845399E8}.Debug|x64.Build.0 = Debug|Any CPU
		{ABCD4B81-258A-4539-82EF-E8A9845399E8}.Debug|x86.ActiveCfg = Debug|Any CPU
		{ABCD4B81-258A-4539-82EF-E8A9845399E8}.Debug|x86.Build.0 = Debug|Any CPU
		{ABCD4B81-258A-4539-82EF-E8A9845399E8}.Release|Any CPU.ActiveCfg = Release|Any CPU
		{ABCD4B81-258A-4539-82EF-E8A9845399E8}.Release|Any CPU.Build.0 = Release|Any CPU
		{ABCD4B81-258A-4539-82EF-E8A9845399E8}.Release|x64.ActiveCfg = Release|Any CPU
		{ABCD4B81-258A-4539-82EF-E8A9845399E8}.Release|x64.Build.0 = Release|Any CPU
		{ABCD4B81-258A-4539-82EF-E8A9845399E8}.Release|x86.ActiveCfg = Release|Any CPU
		{ABCD4B81-258A-4539-82EF-E8A9845399E8}.Release|x86.Build.0 = Release|Any CPU
		{68E86674-D207-4608-8939-A3C5434400F9}.Debug|Any CPU.ActiveCfg = Debug|Any CPU
		{68E86674-D207-4608-8939-A3C5434400F9}.Debug|Any CPU.Build.0 = Debug|Any CPU
		{68E86674-D207-4608-8939-A3C5434400F9}.Debug|x64.ActiveCfg = Debug|Any CPU
		{68E86674-D207-4608-8939-A3C5434400F9}.Debug|x64.Build.0 = Debug|Any CPU
		{68E86674-D207-4608-8939-A3C5434400F9}.Debug|x86.ActiveCfg = Debug|Any CPU
		{68E86674-D207-4608-8939-A3C5434400F9}.Debug|x86.Build.0 = Debug|Any CPU
		{68E86674-D207-4608-8939-A3C5434400F9}.Release|Any CPU.ActiveCfg = Release|Any CPU
		{68E86674-D207-4608-8939-A3C5434400F9}.Release|Any CPU.Build.0 = Release|Any CPU
		{68E86674-D207-4608-8939-A3C5434400F9}.Release|x64.ActiveCfg = Release|Any CPU
		{68E86674-D207-4608-8939-A3C5434400F9}.Release|x64.Build.0 = Release|Any CPU
		{68E86674-D207-4608-8939-A3C5434400F9}.Release|x86.ActiveCfg = Release|Any CPU
		{68E86674-D207-4608-8939-A3C5434400F9}.Release|x86.Build.0 = Release|Any CPU
		{7A4632DD-E812-4FD3-8D4F-7C835F8EC9E0}.Debug|Any CPU.ActiveCfg = Debug|Any CPU
		{7A4632DD-E812-4FD3-8D4F-7C835F8EC9E0}.Debug|Any CPU.Build.0 = Debug|Any CPU
		{7A4632DD-E812-4FD3-8D4F-7C835F8EC9E0}.Debug|x64.ActiveCfg = Debug|Any CPU
		{7A4632DD-E812-4FD3-8D4F-7C835F8EC9E0}.Debug|x64.Build.0 = Debug|Any CPU
		{7A4632DD-E812-4FD3-8D4F-7C835F8EC9E0}.Debug|x86.ActiveCfg = Debug|Any CPU
		{7A4632DD-E812-4FD3-8D4F-7C835F8EC9E0}.Debug|x86.Build.0 = Debug|Any CPU
		{7A4632DD-E812-4FD3-8D4F-7C835F8EC9E0}.Release|Any CPU.ActiveCfg = Release|Any CPU
		{7A4632DD-E812-4FD3-8D4F-7C835F8EC9E0}.Release|Any CPU.Build.0 = Release|Any CPU
		{7A4632DD-E812-4FD3-8D4F-7C835F8EC9E0}.Release|x64.ActiveCfg = Release|Any CPU
		{7A4632DD-E812-4FD3-8D4F-7C835F8EC9E0}.Release|x64.Build.0 = Release|Any CPU
		{7A4632DD-E812-4FD3-8D4F-7C835F8EC9E0}.Release|x86.ActiveCfg = Release|Any CPU
		{7A4632DD-E812-4FD3-8D4F-7C835F8EC9E0}.Release|x86.Build.0 = Release|Any CPU
		{0E706CDD-399B-47FF-BA33-768599C76EB9}.Debug|Any CPU.ActiveCfg = Debug|Any CPU
		{0E706CDD-399B-47FF-BA33-768599C76EB9}.Debug|Any CPU.Build.0 = Debug|Any CPU
		{0E706CDD-399B-47FF-BA33-768599C76EB9}.Debug|x64.ActiveCfg = Debug|Any CPU
		{0E706CDD-399B-47FF-BA33-768599C76EB9}.Debug|x64.Build.0 = Debug|Any CPU
		{0E706CDD-399B-47FF-BA33-768599C76EB9}.Debug|x86.ActiveCfg = Debug|Any CPU
		{0E706CDD-399B-47FF-BA33-768599C76EB9}.Debug|x86.Build.0 = Debug|Any CPU
		{0E706CDD-399B-47FF-BA33-768599C76EB9}.Release|Any CPU.ActiveCfg = Release|Any CPU
		{0E706CDD-399B-47FF-BA33-768599C76EB9}.Release|Any CPU.Build.0 = Release|Any CPU
		{0E706CDD-399B-47FF-BA33-768599C76EB9}.Release|x64.ActiveCfg = Release|Any CPU
		{0E706CDD-399B-47FF-BA33-768599C76EB9}.Release|x64.Build.0 = Release|Any CPU
		{0E706CDD-399B-47FF-BA33-768599C76EB9}.Release|x86.ActiveCfg = Release|Any CPU
		{0E706CDD-399B-47FF-BA33-768599C76EB9}.Release|x86.Build.0 = Release|Any CPU
		{DEE305E6-22BC-4CC9-B0D6-4F48FCFD4AFB}.Debug|Any CPU.ActiveCfg = Debug|Any CPU
		{DEE305E6-22BC-4CC9-B0D6-4F48FCFD4AFB}.Debug|Any CPU.Build.0 = Debug|Any CPU
		{DEE305E6-22BC-4CC9-B0D6-4F48FCFD4AFB}.Debug|x64.ActiveCfg = Debug|Any CPU
		{DEE305E6-22BC-4CC9-B0D6-4F48FCFD4AFB}.Debug|x64.Build.0 = Debug|Any CPU
		{DEE305E6-22BC-4CC9-B0D6-4F48FCFD4AFB}.Debug|x86.ActiveCfg = Debug|Any CPU
		{DEE305E6-22BC-4CC9-B0D6-4F48FCFD4AFB}.Debug|x86.Build.0 = Debug|Any CPU
		{DEE305E6-22BC-4CC9-B0D6-4F48FCFD4AFB}.Release|Any CPU.ActiveCfg = Release|Any CPU
		{DEE305E6-22BC-4CC9-B0D6-4F48FCFD4AFB}.Release|Any CPU.Build.0 = Release|Any CPU
		{DEE305E6-22BC-4CC9-B0D6-4F48FCFD4AFB}.Release|x64.ActiveCfg = Release|Any CPU
		{DEE305E6-22BC-4CC9-B0D6-4F48FCFD4AFB}.Release|x64.Build.0 = Release|Any CPU
		{DEE305E6-22BC-4CC9-B0D6-4F48FCFD4AFB}.Release|x86.ActiveCfg = Release|Any CPU
		{DEE305E6-22BC-4CC9-B0D6-4F48FCFD4AFB}.Release|x86.Build.0 = Release|Any CPU
	EndGlobalSection
	GlobalSection(SolutionProperties) = preSolution
		HideSolutionNode = FALSE
	EndGlobalSection
	GlobalSection(NestedProjects) = preSolution
		{F08FA4D5-D26F-4BCE-867F-3A493852B857} = {827E0CD3-B72D-47B6-A68D-7590B98EB39B}
		{C3E625A4-3097-4571-9648-ACB501B70899} = {0AB3BF05-4346-4AA6-1389-037BE0695223}
		{827798A6-1BB8-442C-BD14-1C13B2B2C857} = {827E0CD3-B72D-47B6-A68D-7590B98EB39B}
		{05EF2360-F0C2-4743-813B-81377FF56BBB} = {0AB3BF05-4346-4AA6-1389-037BE0695223}
		{B8EDF288-AA8D-4267-B3E6-B9C7E1B62DD2} = {827E0CD3-B72D-47B6-A68D-7590B98EB39B}
		{FF7684BE-A4F8-4D19-A604-5E9E713345BD} = {0AB3BF05-4346-4AA6-1389-037BE0695223}
		{80C76546-21EC-4A10-A834-64D9688C8F28} = {827E0CD3-B72D-47B6-A68D-7590B98EB39B}
		{ABCD4B81-258A-4539-82EF-E8A9845399E8} = {827E0CD3-B72D-47B6-A68D-7590B98EB39B}
		{68E86674-D207-4608-8939-A3C5434400F9} = {827E0CD3-B72D-47B6-A68D-7590B98EB39B}
		{7A4632DD-E812-4FD3-8D4F-7C835F8EC9E0} = {0AB3BF05-4346-4AA6-1389-037BE0695223}
		{0E706CDD-399B-47FF-BA33-768599C76EB9} = {0AB3BF05-4346-4AA6-1389-037BE0695223}
		{DEE305E6-22BC-4CC9-B0D6-4F48FCFD4AFB} = {0AB3BF05-4346-4AA6-1389-037BE0695223}
	EndGlobalSection
EndGlobal
